
Microsoft Visual Studio Solution File, Format Version 12.00
# Visual Studio 14
VisualStudioVersion = 14.0.25420.1
MinimumVisualStudioVersion = 10.0.40219.1
Project("{FAE04EC0-301F-11D3-BF4B-00C04F79EFBC}") = "BookLib.DataAccessLayer", "BookLibDataAccessLayer\BookLib.DataAccessLayer.csproj", "{0667580F-8088-4040-A291-DE43CA8B5257}"
EndProject
Project("{FAE04EC0-301F-11D3-BF4B-00C04F79EFBC}") = "BookLib.DataAccessLayer.UnitTest", "BookLibDataAccessLayer.UnitTest\BookLib.DataAccessLayer.UnitTest.csproj", "{76FD5D49-55AA-4EAB-8D74-4A1CE00F5451}"
EndProject
Project("{FAE04EC0-301F-11D3-BF4B-00C04F79EFBC}") = "BookLib.SimpleTest", "BookLibSimpleTest\BookLib.SimpleTest.csproj", "{7772F99E-C202-4F51-A204-1AC57B128C1E}"
EndProject
Project("{FAE04EC0-301F-11D3-BF4B-00C04F79EFBC}") = "BookLib.Business", "BookLibBusiness\BookLib.Business.csproj", "{D7FA751B-D8C7-47E3-8525-1ADA60B56724}"
EndProject
Project("{FAE04EC0-301F-11D3-BF4B-00C04F79EFBC}") = "BookLib.DataModel", "BookLibDataModel\BookLib.DataModel.csproj", "{6433FAE6-7D38-46B0-9F2F-E0E22CBCCEFD}"
EndProject
Project("{FAE04EC0-301F-11D3-BF4B-00C04F79EFBC}") = "BookLib.Interface", "BookLibInterface\BookLib.Interface.csproj", "{FAF896DD-754C-4181-8473-D5F55CB976F7}"
EndProject
Project("{FAE04EC0-301F-11D3-BF4B-00C04F79EFBC}") = "BookLib.Common", "BookLibCommon\BookLib.Common.csproj", "{150E3EB1-B4A7-41D3-8DED-074F7A27A7A3}"
EndProject
Project("{FAE04EC0-301F-11D3-BF4B-00C04F79EFBC}") = "BookLib.EDMX", "BookLibEDMX\BookLib.EDMX.csproj", "{EA7C1D13-89EC-4514-92C4-8E6078F9153E}"
EndProject
Global
	GlobalSection(SolutionConfigurationPlatforms) = preSolution
		Debug|Any CPU = Debug|Any CPU
		Release|Any CPU = Release|Any CPU
	EndGlobalSection
	GlobalSection(ProjectConfigurationPlatforms) = postSolution
		{0667580F-8088-4040-A291-DE43CA8B5257}.Debug|Any CPU.ActiveCfg = Debug|Any CPU
		{0667580F-8088-4040-A291-DE43CA8B5257}.Debug|Any CPU.Build.0 = Debug|Any CPU
		{0667580F-8088-4040-A291-DE43CA8B5257}.Release|Any CPU.ActiveCfg = Release|Any CPU
		{0667580F-8088-4040-A291-DE43CA8B5257}.Release|Any CPU.Build.0 = Release|Any CPU
		{76FD5D49-55AA-4EAB-8D74-4A1CE00F5451}.Debug|Any CPU.ActiveCfg = Debug|Any CPU
		{76FD5D49-55AA-4EAB-8D74-4A1CE00F5451}.Debug|Any CPU.Build.0 = Debug|Any CPU
		{76FD5D49-55AA-4EAB-8D74-4A1CE00F5451}.Release|Any CPU.ActiveCfg = Release|Any CPU
		{76FD5D49-55AA-4EAB-8D74-4A1CE00F5451}.Release|Any CPU.Build.0 = Release|Any CPU
		{7772F99E-C202-4F51-A204-1AC57B128C1E}.Debug|Any CPU.ActiveCfg = Debug|Any CPU
		{7772F99E-C202-4F51-A204-1AC57B128C1E}.Debug|Any CPU.Build.0 = Debug|Any CPU
		{7772F99E-C202-4F51-A204-1AC57B128C1E}.Release|Any CPU.ActiveCfg = Release|Any CPU
		{7772F99E-C202-4F51-A204-1AC57B128C1E}.Release|Any CPU.Build.0 = Release|Any CPU
		{D7FA751B-D8C7-47E3-8525-1ADA60B56724}.Debug|Any CPU.ActiveCfg = Debug|Any CPU
		{D7FA751B-D8C7-47E3-8525-1ADA60B56724}.Debug|Any CPU.Build.0 = Debug|Any CPU
		{D7FA751B-D8C7-47E3-8525-1ADA60B56724}.Release|Any CPU.ActiveCfg = Release|Any CPU
		{D7FA751B-D8C7-47E3-8525-1ADA60B56724}.Release|Any CPU.Build.0 = Release|Any CPU
		{6433FAE6-7D38-46B0-9F2F-E0E22CBCCEFD}.Debug|Any CPU.ActiveCfg = Debug|Any CPU
		{6433FAE6-7D38-46B0-9F2F-E0E22CBCCEFD}.Debug|Any CPU.Build.0 = Debug|Any CPU
		{6433FAE6-7D38-46B0-9F2F-E0E22CBCCEFD}.Release|Any CPU.ActiveCfg = Release|Any CPU
		{6433FAE6-7D38-46B0-9F2F-E0E22CBCCEFD}.Release|Any CPU.Build.0 = Release|Any CPU
		{FAF896DD-754C-4181-8473-D5F55CB976F7}.Debug|Any CPU.ActiveCfg = Debug|Any CPU
		{FAF896DD-754C-4181-8473-D5F55CB976F7}.Debug|Any CPU.Build.0 = Debug|Any CPU
		{FAF896DD-754C-4181-8473-D5F55CB976F7}.Release|Any CPU.ActiveCfg = Release|Any CPU
		{FAF896DD-754C-4181-8473-D5F55CB976F7}.Release|Any CPU.Build.0 = Release|Any CPU
		{150E3EB1-B4A7-41D3-8DED-074F7A27A7A3}.Debug|Any CPU.ActiveCfg = Debug|Any CPU
		{150E3EB1-B4A7-41D3-8DED-074F7A27A7A3}.Debug|Any CPU.Build.0 = Debug|Any CPU
		{150E3EB1-B4A7-41D3-8DED-074F7A27A7A3}.Release|Any CPU.ActiveCfg = Release|Any CPU
		{150E3EB1-B4A7-41D3-8DED-074F7A27A7A3}.Release|Any CPU.Build.0 = Release|Any CPU
		{EA7C1D13-89EC-4514-92C4-8E6078F9153E}.Debug|Any CPU.ActiveCfg = Debug|Any CPU
		{EA7C1D13-89EC-4514-92C4-8E6078F9153E}.Debug|Any CPU.Build.0 = Debug|Any CPU
		{EA7C1D13-89EC-4514-92C4-8E6078F9153E}.Release|Any CPU.ActiveCfg = Release|Any CPU
		{EA7C1D13-89EC-4514-92C4-8E6078F9153E}.Release|Any CPU.Build.0 = Release|Any CPU
	EndGlobalSection
	GlobalSection(SolutionProperties) = preSolution
		HideSolutionNode = FALSE
	EndGlobalSection
EndGlobal
